// !$*UTF8*$!
{
	archiveVersion = 1;
	classes = {
	};
	objectVersion = 46;
	objects = {

/* Begin PBXBuildFile section */
		8B32499D1CAFD80700786EB3 /* AppDelegate.swift in Sources */ = {isa = PBXBuildFile; fileRef = 8B32499C1CAFD80700786EB3 /* AppDelegate.swift */; };
		8B32499F1CAFD80700786EB3 /* ViewController.swift in Sources */ = {isa = PBXBuildFile; fileRef = 8B32499E1CAFD80700786EB3 /* ViewController.swift */; };
		8B3249A21CAFD80700786EB3 /* Main.storyboard in Resources */ = {isa = PBXBuildFile; fileRef = 8B3249A01CAFD80700786EB3 /* Main.storyboard */; };
		8B3249A41CAFD80700786EB3 /* Assets.xcassets in Resources */ = {isa = PBXBuildFile; fileRef = 8B3249A31CAFD80700786EB3 /* Assets.xcassets */; };
		8B3249A71CAFD80700786EB3 /* LaunchScreen.storyboard in Resources */ = {isa = PBXBuildFile; fileRef = 8B3249A51CAFD80700786EB3 /* LaunchScreen.storyboard */; };
		8BE040421CB1A58000154EA0 /* MiauthClient.swift in Sources */ = {isa = PBXBuildFile; fileRef = 8BE040411CB1A58000154EA0 /* MiauthClient.swift */; };
/* End PBXBuildFile section */

/* Begin PBXFileReference section */
		8B3249991CAFD80700786EB3 /* miauth-ios-sampleApp.app */ = {isa = PBXFileReference; explicitFileType = wrapper.application; includeInIndex = 0; path = "miauth-ios-sampleApp.app"; sourceTree = BUILT_PRODUCTS_DIR; };
		8B32499C1CAFD80700786EB3 /* AppDelegate.swift */ = {isa = PBXFileReference; lastKnownFileType = sourcecode.swift; path = AppDelegate.swift; sourceTree = "<group>"; };
		8B32499E1CAFD80700786EB3 /* ViewController.swift */ = {isa = PBXFileReference; lastKnownFileType = sourcecode.swift; path = ViewController.swift; sourceTree = "<group>"; };
		8B3249A11CAFD80700786EB3 /* Base */ = {isa = PBXFileReference; lastKnownFileType = file.storyboard; name = Base; path = Base.lproj/Main.storyboard; sourceTree = "<group>"; };
		8B3249A31CAFD80700786EB3 /* Assets.xcassets */ = {isa = PBXFileReference; lastKnownFileType = folder.assetcatalog; path = Assets.xcassets; sourceTree = "<group>"; };
		8B3249A61CAFD80700786EB3 /* Base */ = {isa = PBXFileReference; lastKnownFileType = file.storyboard; name = Base; path = Base.lproj/LaunchScreen.storyboard; sourceTree = "<group>"; };
		8B3249A81CAFD80700786EB3 /* Info.plist */ = {isa = PBXFileReference; lastKnownFileType = text.plist.xml; path = Info.plist; sourceTree = "<group>"; };
		8BE040411CB1A58000154EA0 /* MiauthClient.swift */ = {isa = PBXFileReference; fileEncoding = 4; lastKnownFileType = sourcecode.swift; path = MiauthClient.swift; sourceTree = "<group>"; };
/* End PBXFileReference section */

/* Begin PBXFrameworksBuildPhase section */
		8B3249961CAFD80700786EB3 /* Frameworks */ = {
			isa = PBXFrameworksBuildPhase;
			buildActionMask = 2147483647;
			files = (
			);
			runOnlyForDeploymentPostprocessing = 0;
		};
/* End PBXFrameworksBuildPhase section */

/* Begin PBXGroup section */
		8B3249901CAFD80700786EB3 = {
			isa = PBXGroup;
			children = (
				8B3249AE1CB1A3F300786EB3 /* miauthClient */,
				8B32499B1CAFD80700786EB3 /* miauth-ios-sampleApp */,
				8B32499A1CAFD80700786EB3 /* Products */,
			);
			sourceTree = "<group>";
		};
		8B32499A1CAFD80700786EB3 /* Products */ = {
			isa = PBXGroup;
			children = (
				8B3249991CAFD80700786EB3 /* miauth-ios-sampleApp.app */,
			);
			name = Products;
			sourceTree = "<group>";
		};
		8B32499B1CAFD80700786EB3 /* miauth-ios-sampleApp */ = {
			isa = PBXGroup;
			children = (
				8B32499C1CAFD80700786EB3 /* AppDelegate.swift */,
				8B32499E1CAFD80700786EB3 /* ViewController.swift */,
				8B3249A01CAFD80700786EB3 /* Main.storyboard */,
				8B3249A31CAFD80700786EB3 /* Assets.xcassets */,
				8B3249A51CAFD80700786EB3 /* LaunchScreen.storyboard */,
				8B3249A81CAFD80700786EB3 /* Info.plist */,
			);
			path = "miauth-ios-sampleApp";
			sourceTree = "<group>";
		};
		8B3249AE1CB1A3F300786EB3 /* miauthClient */ = {
			isa = PBXGroup;
			children = (
				8BE040411CB1A58000154EA0 /* MiauthClient.swift */,
			);
			name = miauthClient;
			path = "miauth-ios-sampleApp";
			sourceTree = "<group>";
		};
/* End PBXGroup section */

/* Begin PBXNativeTarget section */
		8B3249981CAFD80700786EB3 /* miauth-ios-sampleApp */ = {
			isa = PBXNativeTarget;
			buildConfigurationList = 8B3249AB1CAFD80700786EB3 /* Build configuration list for PBXNativeTarget "miauth-ios-sampleApp" */;
			buildPhases = (
				8B3249951CAFD80700786EB3 /* Sources */,
				8B3249961CAFD80700786EB3 /* Frameworks */,
				8B3249971CAFD80700786EB3 /* Resources */,
			);
			buildRules = (
			);
			dependencies = (
			);
			name = "miauth-ios-sampleApp";
			productName = "miauth-ios-sampleApp";
			productReference = 8B3249991CAFD80700786EB3 /* miauth-ios-sampleApp.app */;
			productType = "com.apple.product-type.application";
		};
/* End PBXNativeTarget section */

/* Begin PBXProject section */
		8B3249911CAFD80700786EB3 /* Project object */ = {
			isa = PBXProject;
			attributes = {
				LastSwiftUpdateCheck = 0730;
				LastUpgradeCheck = 0730;
				ORGANIZATIONNAME = MIPsoft;
				TargetAttributes = {
					8B3249981CAFD80700786EB3 = {
						CreatedOnToolsVersion = 7.3;
					};
				};
			};
			buildConfigurationList = 8B3249941CAFD80700786EB3 /* Build configuration list for PBXProject "miauth-ios-sampleApp" */;
			compatibilityVersion = "Xcode 3.2";
			developmentRegion = English;
			hasScannedForEncodings = 0;
			knownRegions = (
				en,
				Base,
			);
			mainGroup = 8B3249901CAFD80700786EB3;
			productRefGroup = 8B32499A1CAFD80700786EB3 /* Products */;
			projectDirPath = "";
			projectRoot = "";
			targets = (
				8B3249981CAFD80700786EB3 /* miauth-ios-sampleApp */,
			);
		};
/* End PBXProject section */

/* Begin PBXResourcesBuildPhase section */
		8B3249971CAFD80700786EB3 /* Resources */ = {
			isa = PBXResourcesBuildPhase;
			buildActionMask = 2147483647;
			files = (
				8B3249A71CAFD80700786EB3 /* LaunchScreen.storyboard in Resources */,
				8B3249A41CAFD80700786EB3 /* Assets.xcassets in Resources */,
				8B3249A21CAFD80700786EB3 /* Main.storyboard in Resources */,
			);
			runOnlyForDeploymentPostprocessing = 0;
		};
/* End PBXResourcesBuildPhase section */

/* Begin PBXSourcesBuildPhase section */
		8B3249951CAFD80700786EB3 /* Sources */ = {
			isa = PBXSourcesBuildPhase;
			buildActionMask = 2147483647;
			files = (
				8B32499F1CAFD80700786EB3 /* ViewController.swift in Sources */,
				8B32499D1CAFD80700786EB3 /* AppDelegate.swift in Sources */,
				8BE040421CB1A58000154EA0 /* MiauthClient.swift in Sources */,
			);
			runOnlyForDeploymentPostprocessing = 0;
		};
/* End PBXSourcesBuildPhase section */

/* Begin PBXVariantGroup section */
		8B3249A01CAFD80700786EB3 /* Main.storyboard */ = {
			isa = PBXVariantGroup;
			children = (
				8B3249A11CAFD80700786EB3 /* Base */,
			);
			name = Main.storyboard;
			sourceTree = "<group>";
		};
		8B3249A51CAFD80700786EB3 /* LaunchScreen.storyboard */ = {
			isa = PBXVariantGroup;
			children = (
				8B3249A61CAFD80700786EB3 /* Base */,
			);
			name = LaunchScreen.storyboard;
			sourceTree = "<group>";
		};
/* End PBXVariantGroup section */

/* Begin XCBuildConfiguration section */
		8B3249A91CAFD80700786EB3 /* Debug */ = {
			isa = XCBuildConfiguration;
			buildSettings = {
				ALWAYS_SEARCH_USER_PATHS = NO;
				CLANG_ANALYZER_NONNULL = YES;
				CLANG_CXX_LANGUAGE_STANDARD = "gnu++0x";
				CLANG_CXX_LIBRARY = "libc++";
				CLANG_ENABLE_MODULES = YES;
				CLANG_ENABLE_OBJC_ARC = YES;
				CLANG_WARN_BOOL_CONVERSION = YES;
				CLANG_WARN_CONSTANT_CONVERSION = YES;
				CLANG_WARN_DIRECT_OBJC_ISA_USAGE = YES_ERROR;
				CLANG_WARN_EMPTY_BODY = YES;
				CLANG_WARN_ENUM_CONVERSION = YES;
				CLANG_WARN_INT_CONVERSION = YES;
				CLANG_WARN_OBJC_ROOT_CLASS = YES_ERROR;
				CLANG_WARN_UNREACHABLE_CODE = YES;
				CLANG_WARN__DUPLICATE_METHOD_MATCH = YES;
				"CODE_SIGN_IDENTITY[sdk=iphoneos*]" = "iPhone Developer";
				COPY_PHASE_STRIP = NO;
				DEBUG_INFORMATION_FORMAT = dwarf;
				ENABLE_STRICT_OBJC_MSGSEND = YES;
				ENABLE_TESTABILITY = YES;
				GCC_C_LANGUAGE_STANDARD = gnu99;
				GCC_DYNAMIC_NO_PIC = NO;
				GCC_NO_COMMON_BLOCKS = YES;
				GCC_OPTIMIZATION_LEVEL = 0;
				GCC_PREPROCESSOR_DEFINITIONS = (
					"DEBUG=1",
					"$(inherited)",
				);
				GCC_WARN_64_TO_32_BIT_CONVERSION = YES;
				GCC_WARN_ABOUT_RETURN_TYPE = YES_ERROR;
				GCC_WARN_UNDECLARED_SELECTOR = YES;
				GCC_WARN_UNINITIALIZED_AUTOS = YES_AGGRESSIVE;
				GCC_WARN_UNUSED_FUNCTION = YES;
				GCC_WARN_UNUSED_VARIABLE = YES;
				IPHONEOS_DEPLOYMENT_TARGET = 9.3;
				MTL_ENABLE_DEBUG_INFO = YES;
				ONLY_ACTIVE_ARCH = YES;
				SDKROOT = iphoneos;
				SWIFT_OPTIMIZATION_LEVEL = "-Onone";
				TARGETED_DEVICE_FAMILY = "1,2";
			};
			name = Debug;
		};
		8B3249AA1CAFD80700786EB3 /* Release */ = {
			isa = XCBuildConfiguration;
			buildSettings = {
				ALWAYS_SEARCH_USER_PATHS = NO;
				CLANG_ANALYZER_NONNULL = YES;
				CLANG_CXX_LANGUAGE_STANDARD = "gnu++0x";
				CLANG_CXX_LIBRARY = "libc++";
				CLANG_ENABLE_MODULES = YES;
				CLANG_ENABLE_OBJC_ARC = YES;
				CLANG_WARN_BOOL_CONVERSION = YES;
				CLANG_WARN_CONSTANT_CONVERSION = YES;
				CLANG_WARN_DIRECT_OBJC_ISA_USAGE = YES_ERROR;
				CLANG_WARN_EMPTY_BODY = YES;
				CLANG_WARN_ENUM_CONVERSION = YES;
				CLANG_WARN_INT_CONVERSION = YES;
				CLANG_WARN_OBJC_ROOT_CLASS = YES_ERROR;
				CLANG_WARN_UNREACHABLE_CODE = YES;
				CLANG_WARN__DUPLICATE_METHOD_MATCH = YES;
				"CODE_SIGN_IDENTITY[sdk=iphoneos*]" = "iPhone Developer";
				COPY_PHASE_STRIP = NO;
				DEBUG_INFORMATION_FORMAT = "dwarf-with-dsym";
				ENABLE_NS_ASSERTIONS = NO;
				ENABLE_STRICT_OBJC_MSGSEND = YES;
				GCC_C_LANGUAGE_STANDARD = gnu99;
				GCC_NO_COMMON_BLOCKS = YES;
				GCC_WARN_64_TO_32_BIT_CONVERSION = YES;
				GCC_WARN_ABOUT_RETURN_TYPE = YES_ERROR;
				GCC_WARN_UNDECLARED_SELECTOR = YES;
				GCC_WARN_UNINITIALIZED_AUTOS = YES_AGGRESSIVE;
				GCC_WARN_UNUSED_FUNCTION = YES;
				GCC_WARN_UNUSED_VARIABLE = YES;
				IPHONEOS_DEPLOYMENT_TARGET = 9.3;
				MTL_ENABLE_DEBUG_INFO = NO;
				SDKROOT = iphoneos;
				TARGETED_DEVICE_FAMILY = "1,2";
				VALIDATE_PRODUCT = YES;
			};
			name = Release;
		};
		8B3249AC1CAFD80700786EB3 /* Debug */ = {
			isa = XCBuildConfiguration;
			buildSettings = {
				ASSETCATALOG_COMPILER_APPICON_NAME = AppIcon;
				INFOPLIST_FILE = "miauth-ios-sampleApp/Info.plist";
				LD_RUNPATH_SEARCH_PATHS = "$(inherited) @executable_path/Frameworks";
				PRODUCT_BUNDLE_IDENTIFIER = "com.mipsoft.miauth-ios-sampleApp";
				PRODUCT_NAME = "$(TARGET_NAME)";
			};
			name = Debug;
		};
		8B3249AD1CAFD80700786EB3 /* Release */ = {
			isa = XCBuildConfiguration;
			buildSettings = {
				ASSETCATALOG_COMPILER_APPICON_NAME = AppIcon;
				INFOPLIST_FILE = "miauth-ios-sampleApp/Info.plist";
				LD_RUNPATH_SEARCH_PATHS = "$(inherited) @executable_path/Frameworks";
				PRODUCT_BUNDLE_IDENTIFIER = "com.mipsoft.miauth-ios-sampleApp";
				PRODUCT_NAME = "$(TARGET_NAME)";
			};
			name = Release;
		};
/* End XCBuildConfiguration section */

/* Begin XCConfigurationList section */
		8B3249941CAFD80700786EB3 /* Build configuration list for PBXProject "miauth-ios-sampleApp" */ = {
			isa = XCConfigurationList;
			buildConfigurations = (
				8B3249A91CAFD80700786EB3 /* Debug */,
				8B3249AA1CAFD80700786EB3 /* Release */,
			);
			defaultConfigurationIsVisible = 0;
			defaultConfigurationName = Release;
		};
		8B3249AB1CAFD80700786EB3 /* Build configuration list for PBXNativeTarget "miauth-ios-sampleApp" */ = {
			isa = XCConfigurationList;
			buildConfigurations = (
				8B3249AC1CAFD80700786EB3 /* Debug */,
				8B3249AD1CAFD80700786EB3 /* Release */,
			);
			defaultConfigurationIsVisible = 0;
			defaultConfigurationName = Release;
		};
/* End XCConfigurationList section */
	};
	rootObject = 8B3249911CAFD80700786EB3 /* Project object */;
}
